
Microsoft Visual Studio Solution File, Format Version 12.00
# Visual Studio Version 17
VisualStudioVersion = 17.7.34009.444
MinimumVisualStudioVersion = 10.0.40219.1
Project("{FAE04EC0-301F-11D3-BF4B-00C04F79EFBC}") = "SquirrelDemo", "SquirrelDemo\SquirrelDemo.csproj", "{D334B34B-4898-415D-8D59-0E78A52D3253}"
EndProject
Global
	GlobalSection(SolutionConfigurationPlatforms) = preSolution
		Debug|Any CPU = Debug|Any CPU
		Release|Any CPU = Release|Any CPU
	EndGlobalSection
	GlobalSection(ProjectConfigurationPlatforms) = postSolution
		{D334B34B-4898-415D-8D59-0E78A52D3253}.Debug|Any CPU.ActiveCfg = Debug|Any CPU
		{D334B34B-4898-415D-8D59-0E78A52D3253}.Debug|Any CPU.Build.0 = Debug|Any CPU
		{D334B34B-4898-415D-8D59-0E78A52D3253}.Release|Any CPU.ActiveCfg = Release|Any CPU
		{D334B34B-4898-415D-8D59-0E78A52D3253}.Release|Any CPU.Build.0 = Release|Any CPU
	EndGlobalSection
	GlobalSection(SolutionProperties) = preSolution
		HideSolutionNode = FALSE
	EndGlobalSection
	GlobalSection(ExtensibilityGlobals) = postSolution
		SolutionGuid = {1286E0CB-5F4B-4BD1-A011-4678CD560A0F}
	EndGlobalSection
EndGlobal
